<?xml version="1.0" encoding="utf-8"?>
<Project ToolsVersion="4.0" xmlns="http://schemas.microsoft.com/developer/msbuild/2003">
  <ItemGroup>
    <Filter Include="include">
      <UniqueIdentifier>{93995380-89BD-4b04-88EB-625FBE52EBFB}</UniqueIdentifier>
      <Extensions>h;hpp;hxx;hm;inl;inc;xsd</Extensions>
    </Filter>
    <Filter Include="src">
      <UniqueIdentifier>{a92d3b8c-d54d-416c-b458-dc57ac24d2e9}</UniqueIdentifier>
      <Extensions>cpp;c;cc;cxx;def;odl;idl;hpj;bat;asm;asmx</Extensions>
    </Filter>
  </ItemGroup>
  <ItemGroup>
    <ClInclude Include="include\mrcp_client_connection.h">
      <Filter>include</Filter>
    </ClInclude>
    <ClInclude Include="include\mrcp_connection.h">
      <Filter>include</Filter>
    </ClInclude>
    <ClInclude Include="include\mrcp_connection_types.h">
      <Filter>include</Filter>
    </ClInclude>
    <ClInclude Include="include\mrcp_control_descriptor.h">
      <Filter>include</Filter>
    </ClInclude>
    <ClInclude Include="include\mrcp_server_connection.h">
      <Filter>include</Filter>
    </ClInclude>
  </ItemGroup>
  <ItemGroup>
    <ClCompile Include="src\mrcp_client_connection.c">
      <Filter>src</Filter>
    </ClCompile>
    <ClCompile Include="src\mrcp_connection.c">
      <Filter>src</Filter>
    </ClCompile>
    <ClCompile Include="src\mrcp_control_descriptor.c">
      <Filter>src</Filter>
    </ClCompile>
    <ClCompile Include="src\mrcp_server_connection.c">
      <Filter>src</Filter>
    </ClCompile>
    <ClCompile Include="src\mrcp_ca_factory.c">
      <Filter>src</Filter>
    </ClCompile>
  </ItemGroup>
</Project>