
Microsoft Visual Studio Solution File, Format Version 9.00
# Visual Studio 2005
Project("{8BC9CEB8-8B4A-11D0-8D11-00A0C91BC942}") = "FreeSwitchConsole", "FreeSwitchConsole.vcproj", "{1AF3A893-F7BE-43DD-B697-8AB2397C0D67}"
	ProjectSection(ProjectDependencies) = postProject
		{202D7A4E-760D-4D0E-AFA1-D7459CED30FF} = {202D7A4E-760D-4D0E-AFA1-D7459CED30FF}
	EndProjectSection
EndProject
Project("{8BC9CEB8-8B4A-11D0-8D11-00A0C91BC942}") = "FreeSwitchCoreLib", "FreeSwitchCore.vcproj", "{202D7A4E-760D-4D0E-AFA1-D7459CED30FF}"
	ProjectSection(ProjectDependencies) = postProject
		{FE191916-DEDD-43B3-B28C-D09C9088C586} = {FE191916-DEDD-43B3-B28C-D09C9088C586}
	EndProjectSection
EndProject
Project("{8BC9CEB8-8B4A-11D0-8D11-00A0C91BC942}") = "mod_g729", "..\..\src\mod\codecs\mod_g729\mod_g729.vcproj", "{1D95CD95-0DE2-48C3-AC23-D5C7D1C9C0F0}"
	ProjectSection(ProjectDependencies) = postProject
		{202D7A4E-760D-4D0E-AFA1-D7459CED30FF} = {202D7A4E-760D-4D0E-AFA1-D7459CED30FF}
	EndProjectSection
EndProject
Project("{8BC9CEB8-8B4A-11D0-8D11-00A0C91BC942}") = "mod_gsm", "..\..\src\mod\codecs\mod_gsm\mod_gsm.vcproj", "{4926323F-4EA8-4B7D-A3D3-65488725988F}"
	ProjectSection(ProjectDependencies) = postProject
		{202D7A4E-760D-4D0E-AFA1-D7459CED30FF} = {202D7A4E-760D-4D0E-AFA1-D7459CED30FF}
	EndProjectSection
EndProject
Project("{8BC9CEB8-8B4A-11D0-8D11-00A0C91BC942}") = "mod_xmpp_event", "..\..\src\mod\event_handlers\mod_xmpp_event\mod_xmpp_event.vcproj", "{F10BE67C-A8FF-4CB2-AF29-D46D2590DC59}"
	ProjectSection(ProjectDependencies) = postProject
		{202D7A4E-760D-4D0E-AFA1-D7459CED30FF} = {202D7A4E-760D-4D0E-AFA1-D7459CED30FF}
	EndProjectSection
EndProject
Project("{8BC9CEB8-8B4A-11D0-8D11-00A0C91BC942}") = "mod_sndfile", "..\..\src\mod\formats\mod_sndfile\mod_sndfilel.vcproj", "{AFAC0568-7548-42D5-9F6A-8D3400A1E4F6}"
	ProjectSection(ProjectDependencies) = postProject
		{202D7A4E-760D-4D0E-AFA1-D7459CED30FF} = {202D7A4E-760D-4D0E-AFA1-D7459CED30FF}
	EndProjectSection
EndProject
Project("{8BC9CEB8-8B4A-11D0-8D11-00A0C91BC942}") = "mod_bridgecall", "..\..\src\mod\applications\mod_bridgecall\mod_bridgecall.vcproj", "{E1794405-29D4-466D-9BE3-DD2344C2A663}"
	ProjectSection(ProjectDependencies) = postProject
		{202D7A4E-760D-4D0E-AFA1-D7459CED30FF} = {202D7A4E-760D-4D0E-AFA1-D7459CED30FF}
	EndProjectSection
EndProject
Project("{8BC9CEB8-8B4A-11D0-8D11-00A0C91BC942}") = "mod_event_test", "..\..\src\mod\event_handlers\mod_event_test\mod_event_test.vcproj", "{3A2A7795-C216-4FFF-B8EF-4D17A84BACCC}"
	ProjectSection(ProjectDependencies) = postProject
		{202D7A4E-760D-4D0E-AFA1-D7459CED30FF} = {202D7A4E-760D-4D0E-AFA1-D7459CED30FF}
	EndProjectSection
EndProject
Project("{8BC9CEB8-8B4A-11D0-8D11-00A0C91BC942}") = "mod_exosip", "..\..\src\mod\endpoints\mod_exosip\mod_exosip.vcproj", "{45DF84ED-D24A-4FF6-B5B0-0A9A5FDB9552}"
	ProjectSection(ProjectDependencies) = postProject
		{202D7A4E-760D-4D0E-AFA1-D7459CED30FF} = {202D7A4E-760D-4D0E-AFA1-D7459CED30FF}
	EndProjectSection
EndProject
Project("{8BC9CEB8-8B4A-11D0-8D11-00A0C91BC942}") = "mod_g711", "..\..\src\mod\codecs\mod_g711\mod_g711.vcproj", "{B1FE4613-3F4B-4DAF-9714-2472BF8F56AE}"
	ProjectSection(ProjectDependencies) = postProject
		{202D7A4E-760D-4D0E-AFA1-D7459CED30FF} = {202D7A4E-760D-4D0E-AFA1-D7459CED30FF}
	EndProjectSection
EndProject
Project("{8BC9CEB8-8B4A-11D0-8D11-00A0C91BC942}") = "mod_iax", "..\..\src\mod\endpoints\mod_iax\mod_iax.vcproj", "{3A5B9131-F20C-4A85-9447-6C1610941CEE}"
	ProjectSection(ProjectDependencies) = postProject
		{202D7A4E-760D-4D0E-AFA1-D7459CED30FF} = {202D7A4E-760D-4D0E-AFA1-D7459CED30FF}
	EndProjectSection
EndProject
Project("{8BC9CEB8-8B4A-11D0-8D11-00A0C91BC942}") = "mod_playback", "..\..\src\mod\applications\mod_playback\mod_playback.vcproj", "{78100236-7CEA-4948-96CC-E8ED3160329C}"
	ProjectSection(ProjectDependencies) = postProject
		{202D7A4E-760D-4D0E-AFA1-D7459CED30FF} = {202D7A4E-760D-4D0E-AFA1-D7459CED30FF}
	EndProjectSection
EndProject
Project("{8BC9CEB8-8B4A-11D0-8D11-00A0C91BC942}") = "mod_PortAudio", "..\..\src\mod\endpoints\mod_portaudio\mod_PortAudio.vcproj", "{5FD31A25-5D83-4794-8BEE-904DAD84CE71}"
	ProjectSection(ProjectDependencies) = postProject
		{202D7A4E-760D-4D0E-AFA1-D7459CED30FF} = {202D7A4E-760D-4D0E-AFA1-D7459CED30FF}
	EndProjectSection
EndProject
Project("{8BC9CEB8-8B4A-11D0-8D11-00A0C91BC942}") = "mod_l16", "..\..\src\mod\codecs\mod_l16\mod_l16.vcproj", "{5844AFE1-AA3E-4BDB-A9EF-119AEF19DF88}"
	ProjectSection(ProjectDependencies) = postProject
		{202D7A4E-760D-4D0E-AFA1-D7459CED30FF} = {202D7A4E-760D-4D0E-AFA1-D7459CED30FF}
	EndProjectSection
EndProject
Project("{8BC9CEB8-8B4A-11D0-8D11-00A0C91BC942}") = "mod_softtimer", "..\..\src\mod\timers\mod_softtimer\mod_softtimer.vcproj", "{DCC13474-28DF-47CA-A8EB-72F8CE9A78C5}"
	ProjectSection(ProjectDependencies) = postProject
		{202D7A4E-760D-4D0E-AFA1-D7459CED30FF} = {202D7A4E-760D-4D0E-AFA1-D7459CED30FF}
	EndProjectSection
EndProject
Project("{8BC9CEB8-8B4A-11D0-8D11-00A0C91BC942}") = "mod_speex", "..\..\src\mod\codecs\mod_speex\mod_speex.vcproj", "{5580D60E-0F77-4716-9CD4-B8E5986FA375}"
	ProjectSection(ProjectDependencies) = postProject
		{202D7A4E-760D-4D0E-AFA1-D7459CED30FF} = {202D7A4E-760D-4D0E-AFA1-D7459CED30FF}
	EndProjectSection
EndProject
Project("{8BC9CEB8-8B4A-11D0-8D11-00A0C91BC942}") = "mod_woomera", "..\..\src\mod\endpoints\mod_woomera\mod_woomera.vcproj", "{FE3540C5-3303-46E0-A69E-D92F775687F1}"
	ProjectSection(ProjectDependencies) = postProject
		{202D7A4E-760D-4D0E-AFA1-D7459CED30FF} = {202D7A4E-760D-4D0E-AFA1-D7459CED30FF}
	EndProjectSection
EndProject
Project("{2150E333-8FDC-42A3-9474-1A3956D46DE8}") = "Codecs", "Codecs", "{F881ADA2-2F1A-4046-9FEB-191D9422D781}"
EndProject
Project("{2150E333-8FDC-42A3-9474-1A3956D46DE8}") = "Endpoints", "Endpoints", "{9460B5F1-0A95-41C4-BEB7-9C2C96459A7C}"
EndProject
Project("{2150E333-8FDC-42A3-9474-1A3956D46DE8}") = "Applications", "Applications", "{E72B5BCB-6462-4D23-B419-3AF1A4AC3D78}"
EndProject
Project("{2150E333-8FDC-42A3-9474-1A3956D46DE8}") = "Dialplans", "Dialplans", "{C5F182F9-754A-4EC5-B50F-76ED02BE13F4}"
EndProject
Project("{2150E333-8FDC-42A3-9474-1A3956D46DE8}") = "Event Handlers", "Event Handlers", "{9ADF1E48-2F5C-4ED7-A893-596259FABFE0}"
EndProject
Project("{2150E333-8FDC-42A3-9474-1A3956D46DE8}") = "Formats", "Formats", "{A5A27244-AD24-46E5-B01B-840CD296C91D}"
EndProject
Project("{2150E333-8FDC-42A3-9474-1A3956D46DE8}") = "Timers", "Timers", "{2D57D093-3F8D-4729-AD9A-68E945C200A5}"
EndProject
Project("{2150E333-8FDC-42A3-9474-1A3956D46DE8}") = "Docs", "Docs", "{CBD81696-EFB4-4D2F-8451-1B8DAA86155A}"
EndProject
Project("{8BC9CEB8-8B4A-11D0-8D11-00A0C91BC942}") = "docs", "..\..\docs\docs.vcproj", "{1A1FF289-4FD6-4285-A422-D31DD67A4723}"
EndProject
Project("{8BC9CEB8-8B4A-11D0-8D11-00A0C91BC942}") = "FreeSwitchVersion", "FreeSwitchVersion.vcproj", "{FE191916-DEDD-43B3-B28C-D09C9088C586}"
EndProject
Project("{8BC9CEB8-8B4A-11D0-8D11-00A0C91BC942}") = "mod_dialplan_xml", "..\..\src\mod\dialplans\mod_dialplan_xml\mod_dialplan_xml.vcproj", "{07113B25-D3AF-4E04-BA77-4CD1171F022C}"
	ProjectSection(ProjectDependencies) = postProject
		{202D7A4E-760D-4D0E-AFA1-D7459CED30FF} = {202D7A4E-760D-4D0E-AFA1-D7459CED30FF}
	EndProjectSection
EndProject
Project("{8BC9CEB8-8B4A-11D0-8D11-00A0C91BC942}") = "mod_ivrtest", "..\..\src\mod\applications\mod_ivrtest\mod_ivrtest.vcproj", "{419AA391-5F3F-4BFE-A869-9D154D62A792}"
	ProjectSection(ProjectDependencies) = postProject
		{202D7A4E-760D-4D0E-AFA1-D7459CED30FF} = {202D7A4E-760D-4D0E-AFA1-D7459CED30FF}
	EndProjectSection
EndProject
Project("{54435603-DBB4-11D2-8724-00A0C9A8B90C}") = "FreeSwitchSetup", "..\Setup\Setup.vdproj", "{B17FFBE6-A942-4056-8346-B624FB5D995B}"
EndProject
Project("{2150E333-8FDC-42A3-9474-1A3956D46DE8}") = "Directories", "Directories", "{B8F5B47B-8568-46EB-B320-64C17D2A98BC}"
EndProject
Project("{8BC9CEB8-8B4A-11D0-8D11-00A0C91BC942}") = "mod_ldap", "..\..\src\mod\directories\mod_ldap\mod_ldap.vcproj", "{EC3E5C7F-EE09-47E2-80FE-546363D14A98}"
	ProjectSection(ProjectDependencies) = postProject
		{202D7A4E-760D-4D0E-AFA1-D7459CED30FF} = {202D7A4E-760D-4D0E-AFA1-D7459CED30FF}
	EndProjectSection
EndProject
Project("{8BC9CEB8-8B4A-11D0-8D11-00A0C91BC942}") = "mod_dialplan_directory", "..\..\src\mod\dialplans\mod_dialplan_directory\mod_dialplan_directory.vcproj", "{A27CCA23-1541-4337-81A4-F0A6413078A0}"
	ProjectSection(ProjectDependencies) = postProject
		{202D7A4E-760D-4D0E-AFA1-D7459CED30FF} = {202D7A4E-760D-4D0E-AFA1-D7459CED30FF}
	EndProjectSection
EndProject
Project("{8BC9CEB8-8B4A-11D0-8D11-00A0C91BC942}") = "mod_zeroconf", "..\..\src\mod\event_handlers\mod_zeroconf\mod_zeroconf.vcproj", "{C7705DC4-2088-493E-AF8D-65BC6D65C125}"
	ProjectSection(ProjectDependencies) = postProject
		{202D7A4E-760D-4D0E-AFA1-D7459CED30FF} = {202D7A4E-760D-4D0E-AFA1-D7459CED30FF}
	EndProjectSection
EndProject
Project("{8BC9CEB8-8B4A-11D0-8D11-00A0C91BC942}") = "mod_event_multicast", "..\..\src\mod\event_handlers\mod_event_multicast\mod_event_multicast.vcproj", "{784113EF-44D9-4949-835D-7065D3C7AD08}"
	ProjectSection(ProjectDependencies) = postProject
		{202D7A4E-760D-4D0E-AFA1-D7459CED30FF} = {202D7A4E-760D-4D0E-AFA1-D7459CED30FF}
	EndProjectSection
EndProject
Project("{8BC9CEB8-8B4A-11D0-8D11-00A0C91BC942}") = "libteletone", "..\..\libs\libteletone\libteletone.vcproj", "{89385C74-5860-4174-9CAF-A39E7C48909C}"
EndProject
Project("{2150E333-8FDC-42A3-9474-1A3956D46DE8}") = "Languages", "Languages", "{0C808854-54D1-4230-BFF5-77B5FD905000}"
EndProject
Project("{8BC9CEB8-8B4A-11D0-8D11-00A0C91BC942}") = "mod_spidermonkey", "..\..\src\mod\languages\mod_spidermonkey\mod_spidermonkey.vcproj", "{1AD3F51E-BBB6-4090-BA39-9DFAB1EF1F5F}"
	ProjectSection(ProjectDependencies) = postProject
		{89385C74-5860-4174-9CAF-A39E7C48909C} = {89385C74-5860-4174-9CAF-A39E7C48909C}
		{202D7A4E-760D-4D0E-AFA1-D7459CED30FF} = {202D7A4E-760D-4D0E-AFA1-D7459CED30FF}
	EndProjectSection
EndProject
Project("{2150E333-8FDC-42A3-9474-1A3956D46DE8}") = "ASR-TTS", "ASR-TTS", "{4CF6A6AC-07DE-4B9E-ABE1-7F98B64E0BB0}"
EndProject
Project("{8BC9CEB8-8B4A-11D0-8D11-00A0C91BC942}") = "mod_cepstral", "..\..\src\mod\asr_tts\mod_cepstral\mod_cepstral.vcproj", "{692F6330-4D87-4C82-81DF-40DB5892636E}"
	ProjectSection(ProjectDependencies) = postProject
		{202D7A4E-760D-4D0E-AFA1-D7459CED30FF} = {202D7A4E-760D-4D0E-AFA1-D7459CED30FF}
	EndProjectSection
EndProject
Project("{8BC9CEB8-8B4A-11D0-8D11-00A0C91BC942}") = "fs_perl", "..\..\src\mod\languages\mod_perl\fs_perl.vcproj", "{B0C6CFF9-7DCD-4A21-8BA4-C2011E18DED8}"
	ProjectSection(ProjectDependencies) = postProject
		{202D7A4E-760D-4D0E-AFA1-D7459CED30FF} = {202D7A4E-760D-4D0E-AFA1-D7459CED30FF}
	EndProjectSection
EndProject
Project("{8BC9CEB8-8B4A-11D0-8D11-00A0C91BC942}") = "mod_perl", "..\..\src\mod\languages\mod_perl\mod_perl.vcproj", "{7B077E7F-1BE7-4291-AB86-55E527B25CAC}"
	ProjectSection(ProjectDependencies) = postProject
		{202D7A4E-760D-4D0E-AFA1-D7459CED30FF} = {202D7A4E-760D-4D0E-AFA1-D7459CED30FF}
	EndProjectSection
EndProject
Project("{8BC9CEB8-8B4A-11D0-8D11-00A0C91BC942}") = "mod_echo", "..\..\src\mod\applications\mod_echo\mod_echo.vcproj", "{0E2C6395-13B9-46E5-9264-8859D346018D}"
	ProjectSection(ProjectDependencies) = postProject
		{202D7A4E-760D-4D0E-AFA1-D7459CED30FF} = {202D7A4E-760D-4D0E-AFA1-D7459CED30FF}
	EndProjectSection
EndProject
Project("{8BC9CEB8-8B4A-11D0-8D11-00A0C91BC942}") = "mod_ilbc", "..\..\src\mod\codecs\mod_ilbc\mod_ilbc.vcproj", "{D3EC0AFF-76FC-4210-A825-9A17410660A3}"
	ProjectSection(ProjectDependencies) = postProject
		{202D7A4E-760D-4D0E-AFA1-D7459CED30FF} = {202D7A4E-760D-4D0E-AFA1-D7459CED30FF}
	EndProjectSection
EndProject
Project("{8BC9CEB8-8B4A-11D0-8D11-00A0C91BC942}") = "mod_dingaling", "..\..\src\mod\endpoints\mod_dingaling\mod_dingaling.vcproj", "{FFAA4C52-3A53-4F99-90C1-D59D1F0427F3}"
	ProjectSection(ProjectDependencies) = postProject
		{202D7A4E-760D-4D0E-AFA1-D7459CED30FF} = {202D7A4E-760D-4D0E-AFA1-D7459CED30FF}
	EndProjectSection
EndProject
Project("{8BC9CEB8-8B4A-11D0-8D11-00A0C91BC942}") = "mod_commands", "..\..\src\mod\applications\mod_commands\mod_commands.vcproj", "{30A5B29C-983E-4580-9FD0-D647CCDCC7EB}"
	ProjectSection(ProjectDependencies) = postProject
		{202D7A4E-760D-4D0E-AFA1-D7459CED30FF} = {202D7A4E-760D-4D0E-AFA1-D7459CED30FF}
	EndProjectSection
EndProject
Project("{2150E333-8FDC-42A3-9474-1A3956D46DE8}") = "Loggers", "Loggers", "{A7AB4405-FDB7-4853-9FBB-1516B1C3D80A}"
EndProject
Project("{8BC9CEB8-8B4A-11D0-8D11-00A0C91BC942}") = "mod_console", "..\..\src\mod\loggers\mod_console\mod_console.vcproj", "{1C453396-D912-4213-89FD-9B489162B7B5}"
	ProjectSection(ProjectDependencies) = postProject
		{202D7A4E-760D-4D0E-AFA1-D7459CED30FF} = {202D7A4E-760D-4D0E-AFA1-D7459CED30FF}
	EndProjectSection
EndProject
Project("{2150E333-8FDC-42A3-9474-1A3956D46DE8}") = "XML Interfaces", "XML Interfaces", "{F69A4A6B-9360-4EBB-A280-22AA3C455AC5}"
EndProject
Project("{8BC9CEB8-8B4A-11D0-8D11-00A0C91BC942}") = "mod_xml_rpc", "..\..\src\mod\xml_int\mod_xml_rpc\mod_xml_rpc.vcproj", "{CBEC7225-0C21-4DA8-978E-1F158F8AD950}"
	ProjectSection(ProjectDependencies) = postProject
		{202D7A4E-760D-4D0E-AFA1-D7459CED30FF} = {202D7A4E-760D-4D0E-AFA1-D7459CED30FF}
	EndProjectSection
EndProject
Project("{8BC9CEB8-8B4A-11D0-8D11-00A0C91BC942}") = "mod_rss", "..\..\src\mod\applications\mod_rss\mod_rss.vcproj", "{B69247FA-ECD6-40ED-8E44-5CA6C3BAF9A4}"
	ProjectSection(ProjectDependencies) = postProject
		{202D7A4E-760D-4D0E-AFA1-D7459CED30FF} = {202D7A4E-760D-4D0E-AFA1-D7459CED30FF}
	EndProjectSection
EndProject
Project("{8BC9CEB8-8B4A-11D0-8D11-00A0C91BC942}") = "mod_conference", "..\..\src\mod\applications\mod_conference\mod_conference.vcproj", "{C24FB505-05D7-4319-8485-7540B44C8603}"
	ProjectSection(ProjectDependencies) = postProject
		{202D7A4E-760D-4D0E-AFA1-D7459CED30FF} = {202D7A4E-760D-4D0E-AFA1-D7459CED30FF}
	EndProjectSection
EndProject
Project("{8BC9CEB8-8B4A-11D0-8D11-00A0C91BC942}") = "mod_dptools", "..\..\src\mod\applications\mod_dptools\mod_dptools.vcproj", "{B5881A85-FE70-4F64-8607-2CAAE52669C6}"
	ProjectSection(ProjectDependencies) = postProject
		{202D7A4E-760D-4D0E-AFA1-D7459CED30FF} = {202D7A4E-760D-4D0E-AFA1-D7459CED30FF}
	EndProjectSection
EndProject
Global
	GlobalSection(SolutionConfigurationPlatforms) = preSolution
		Debug|Win32 = Debug|Win32
		Release|Win32 = Release|Win32
	EndGlobalSection
	GlobalSection(ProjectConfigurationPlatforms) = postSolution
		{1AF3A893-F7BE-43DD-B697-8AB2397C0D67}.Debug|Win32.ActiveCfg = Debug|Win32
		{1AF3A893-F7BE-43DD-B697-8AB2397C0D67}.Debug|Win32.Build.0 = Debug|Win32
		{1AF3A893-F7BE-43DD-B697-8AB2397C0D67}.Release|Win32.ActiveCfg = Release|Win32
		{1AF3A893-F7BE-43DD-B697-8AB2397C0D67}.Release|Win32.Build.0 = Release|Win32
		{202D7A4E-760D-4D0E-AFA1-D7459CED30FF}.Debug|Win32.ActiveCfg = Debug|Win32
		{202D7A4E-760D-4D0E-AFA1-D7459CED30FF}.Debug|Win32.Build.0 = Debug|Win32
		{202D7A4E-760D-4D0E-AFA1-D7459CED30FF}.Release|Win32.ActiveCfg = Release|Win32
		{202D7A4E-760D-4D0E-AFA1-D7459CED30FF}.Release|Win32.Build.0 = Release|Win32
		{1D95CD95-0DE2-48C3-AC23-D5C7D1C9C0F0}.Debug|Win32.ActiveCfg = Debug|Win32
		{1D95CD95-0DE2-48C3-AC23-D5C7D1C9C0F0}.Release|Win32.ActiveCfg = Release|Win32
		{4926323F-4EA8-4B7D-A3D3-65488725988F}.Debug|Win32.ActiveCfg = Debug|Win32
		{4926323F-4EA8-4B7D-A3D3-65488725988F}.Debug|Win32.Build.0 = Debug|Win32
		{4926323F-4EA8-4B7D-A3D3-65488725988F}.Release|Win32.ActiveCfg = Release|Win32
		{4926323F-4EA8-4B7D-A3D3-65488725988F}.Release|Win32.Build.0 = Release|Win32
		{F10BE67C-A8FF-4CB2-AF29-D46D2590DC59}.Debug|Win32.ActiveCfg = Debug|Win32
		{F10BE67C-A8FF-4CB2-AF29-D46D2590DC59}.Debug|Win32.Build.0 = Debug|Win32
		{F10BE67C-A8FF-4CB2-AF29-D46D2590DC59}.Release|Win32.ActiveCfg = Release|Win32
		{F10BE67C-A8FF-4CB2-AF29-D46D2590DC59}.Release|Win32.Build.0 = Release|Win32
		{AFAC0568-7548-42D5-9F6A-8D3400A1E4F6}.Debug|Win32.ActiveCfg = Debug|Win32
		{AFAC0568-7548-42D5-9F6A-8D3400A1E4F6}.Debug|Win32.Build.0 = Debug|Win32
		{AFAC0568-7548-42D5-9F6A-8D3400A1E4F6}.Release|Win32.ActiveCfg = Release|Win32
		{AFAC0568-7548-42D5-9F6A-8D3400A1E4F6}.Release|Win32.Build.0 = Release|Win32
		{E1794405-29D4-466D-9BE3-DD2344C2A663}.Debug|Win32.ActiveCfg = Debug|Win32
		{E1794405-29D4-466D-9BE3-DD2344C2A663}.Debug|Win32.Build.0 = Debug|Win32
		{E1794405-29D4-466D-9BE3-DD2344C2A663}.Release|Win32.ActiveCfg = Release|Win32
		{E1794405-29D4-466D-9BE3-DD2344C2A663}.Release|Win32.Build.0 = Release|Win32
		{3A2A7795-C216-4FFF-B8EF-4D17A84BACCC}.Debug|Win32.ActiveCfg = Debug|Win32
		{3A2A7795-C216-4FFF-B8EF-4D17A84BACCC}.Debug|Win32.Build.0 = Debug|Win32
		{3A2A7795-C216-4FFF-B8EF-4D17A84BACCC}.Release|Win32.ActiveCfg = Release|Win32
		{3A2A7795-C216-4FFF-B8EF-4D17A84BACCC}.Release|Win32.Build.0 = Release|Win32
		{45DF84ED-D24A-4FF6-B5B0-0A9A5FDB9552}.Debug|Win32.ActiveCfg = Debug|Win32
		{45DF84ED-D24A-4FF6-B5B0-0A9A5FDB9552}.Debug|Win32.Build.0 = Debug|Win32
		{45DF84ED-D24A-4FF6-B5B0-0A9A5FDB9552}.Release|Win32.ActiveCfg = Release|Win32
		{45DF84ED-D24A-4FF6-B5B0-0A9A5FDB9552}.Release|Win32.Build.0 = Release|Win32
		{B1FE4613-3F4B-4DAF-9714-2472BF8F56AE}.Debug|Win32.ActiveCfg = Debug|Win32
		{B1FE4613-3F4B-4DAF-9714-2472BF8F56AE}.Debug|Win32.Build.0 = Debug|Win32
		{B1FE4613-3F4B-4DAF-9714-2472BF8F56AE}.Release|Win32.ActiveCfg = Release|Win32
		{B1FE4613-3F4B-4DAF-9714-2472BF8F56AE}.Release|Win32.Build.0 = Release|Win32
		{3A5B9131-F20C-4A85-9447-6C1610941CEE}.Debug|Win32.ActiveCfg = Debug|Win32
		{3A5B9131-F20C-4A85-9447-6C1610941CEE}.Debug|Win32.Build.0 = Debug|Win32
		{3A5B9131-F20C-4A85-9447-6C1610941CEE}.Release|Win32.ActiveCfg = Release|Win32
		{3A5B9131-F20C-4A85-9447-6C1610941CEE}.Release|Win32.Build.0 = Release|Win32
		{78100236-7CEA-4948-96CC-E8ED3160329C}.Debug|Win32.ActiveCfg = Debug|Win32
		{78100236-7CEA-4948-96CC-E8ED3160329C}.Debug|Win32.Build.0 = Debug|Win32
		{78100236-7CEA-4948-96CC-E8ED3160329C}.Release|Win32.ActiveCfg = Release|Win32
		{78100236-7CEA-4948-96CC-E8ED3160329C}.Release|Win32.Build.0 = Release|Win32
		{5FD31A25-5D83-4794-8BEE-904DAD84CE71}.Debug|Win32.ActiveCfg = Debug|Win32
		{5FD31A25-5D83-4794-8BEE-904DAD84CE71}.Debug|Win32.Build.0 = Debug|Win32
		{5FD31A25-5D83-4794-8BEE-904DAD84CE71}.Release|Win32.ActiveCfg = Release|Win32
		{5FD31A25-5D83-4794-8BEE-904DAD84CE71}.Release|Win32.Build.0 = Release|Win32
		{5844AFE1-AA3E-4BDB-A9EF-119AEF19DF88}.Debug|Win32.ActiveCfg = Debug|Win32
		{5844AFE1-AA3E-4BDB-A9EF-119AEF19DF88}.Debug|Win32.Build.0 = Debug|Win32
		{5844AFE1-AA3E-4BDB-A9EF-119AEF19DF88}.Release|Win32.ActiveCfg = Release|Win32
		{5844AFE1-AA3E-4BDB-A9EF-119AEF19DF88}.Release|Win32.Build.0 = Release|Win32
		{DCC13474-28DF-47CA-A8EB-72F8CE9A78C5}.Debug|Win32.ActiveCfg = Debug|Win32
		{DCC13474-28DF-47CA-A8EB-72F8CE9A78C5}.Debug|Win32.Build.0 = Debug|Win32
		{DCC13474-28DF-47CA-A8EB-72F8CE9A78C5}.Release|Win32.ActiveCfg = Release|Win32
		{DCC13474-28DF-47CA-A8EB-72F8CE9A78C5}.Release|Win32.Build.0 = Release|Win32
		{5580D60E-0F77-4716-9CD4-B8E5986FA375}.Debug|Win32.ActiveCfg = Debug|Win32
		{5580D60E-0F77-4716-9CD4-B8E5986FA375}.Debug|Win32.Build.0 = Debug|Win32
		{5580D60E-0F77-4716-9CD4-B8E5986FA375}.Release|Win32.ActiveCfg = Release|Win32
		{5580D60E-0F77-4716-9CD4-B8E5986FA375}.Release|Win32.Build.0 = Release|Win32
		{FE3540C5-3303-46E0-A69E-D92F775687F1}.Debug|Win32.ActiveCfg = Debug|Win32
		{FE3540C5-3303-46E0-A69E-D92F775687F1}.Debug|Win32.Build.0 = Debug|Win32
		{FE3540C5-3303-46E0-A69E-D92F775687F1}.Release|Win32.ActiveCfg = Release|Win32
		{FE3540C5-3303-46E0-A69E-D92F775687F1}.Release|Win32.Build.0 = Release|Win32
		{1A1FF289-4FD6-4285-A422-D31DD67A4723}.Debug|Win32.ActiveCfg = Debug|Win32
		{1A1FF289-4FD6-4285-A422-D31DD67A4723}.Release|Win32.ActiveCfg = Release|Win32
		{FE191916-DEDD-43B3-B28C-D09C9088C586}.Debug|Win32.ActiveCfg = Debug|Win32
		{FE191916-DEDD-43B3-B28C-D09C9088C586}.Debug|Win32.Build.0 = Debug|Win32
		{FE191916-DEDD-43B3-B28C-D09C9088C586}.Release|Win32.ActiveCfg = Release|Win32
		{FE191916-DEDD-43B3-B28C-D09C9088C586}.Release|Win32.Build.0 = Release|Win32
		{07113B25-D3AF-4E04-BA77-4CD1171F022C}.Debug|Win32.ActiveCfg = Debug|Win32
		{07113B25-D3AF-4E04-BA77-4CD1171F022C}.Debug|Win32.Build.0 = Debug|Win32
		{07113B25-D3AF-4E04-BA77-4CD1171F022C}.Release|Win32.ActiveCfg = Release|Win32
		{07113B25-D3AF-4E04-BA77-4CD1171F022C}.Release|Win32.Build.0 = Release|Win32
		{419AA391-5F3F-4BFE-A869-9D154D62A792}.Debug|Win32.ActiveCfg = Debug|Win32
		{419AA391-5F3F-4BFE-A869-9D154D62A792}.Debug|Win32.Build.0 = Debug|Win32
		{419AA391-5F3F-4BFE-A869-9D154D62A792}.Release|Win32.ActiveCfg = Release|Win32
		{419AA391-5F3F-4BFE-A869-9D154D62A792}.Release|Win32.Build.0 = Release|Win32
		{B17FFBE6-A942-4056-8346-B624FB5D995B}.Debug|Win32.ActiveCfg = Debug
		{B17FFBE6-A942-4056-8346-B624FB5D995B}.Release|Win32.ActiveCfg = Release
		{EC3E5C7F-EE09-47E2-80FE-546363D14A98}.Debug|Win32.ActiveCfg = Debug|Win32
		{EC3E5C7F-EE09-47E2-80FE-546363D14A98}.Debug|Win32.Build.0 = Debug|Win32
		{EC3E5C7F-EE09-47E2-80FE-546363D14A98}.Release|Win32.ActiveCfg = Release|Win32
		{EC3E5C7F-EE09-47E2-80FE-546363D14A98}.Release|Win32.Build.0 = Release|Win32
		{A27CCA23-1541-4337-81A4-F0A6413078A0}.Debug|Win32.ActiveCfg = Debug|Win32
		{A27CCA23-1541-4337-81A4-F0A6413078A0}.Debug|Win32.Build.0 = Debug|Win32
		{A27CCA23-1541-4337-81A4-F0A6413078A0}.Release|Win32.ActiveCfg = Release|Win32
		{A27CCA23-1541-4337-81A4-F0A6413078A0}.Release|Win32.Build.0 = Release|Win32
		{C7705DC4-2088-493E-AF8D-65BC6D65C125}.Debug|Win32.ActiveCfg = Debug|Win32
		{C7705DC4-2088-493E-AF8D-65BC6D65C125}.Debug|Win32.Build.0 = Debug|Win32
		{C7705DC4-2088-493E-AF8D-65BC6D65C125}.Release|Win32.ActiveCfg = Release|Win32
		{C7705DC4-2088-493E-AF8D-65BC6D65C125}.Release|Win32.Build.0 = Release|Win32
		{784113EF-44D9-4949-835D-7065D3C7AD08}.Debug|Win32.ActiveCfg = Debug|Win32
		{784113EF-44D9-4949-835D-7065D3C7AD08}.Debug|Win32.Build.0 = Debug|Win32
		{784113EF-44D9-4949-835D-7065D3C7AD08}.Release|Win32.ActiveCfg = Release|Win32
		{784113EF-44D9-4949-835D-7065D3C7AD08}.Release|Win32.Build.0 = Release|Win32
		{89385C74-5860-4174-9CAF-A39E7C48909C}.Debug|Win32.ActiveCfg = Debug|Win32
		{89385C74-5860-4174-9CAF-A39E7C48909C}.Debug|Win32.Build.0 = Debug|Win32
		{89385C74-5860-4174-9CAF-A39E7C48909C}.Release|Win32.ActiveCfg = Release|Win32
		{89385C74-5860-4174-9CAF-A39E7C48909C}.Release|Win32.Build.0 = Release|Win32
		{1AD3F51E-BBB6-4090-BA39-9DFAB1EF1F5F}.Debug|Win32.ActiveCfg = Debug|Win32
		{1AD3F51E-BBB6-4090-BA39-9DFAB1EF1F5F}.Debug|Win32.Build.0 = Debug|Win32
		{1AD3F51E-BBB6-4090-BA39-9DFAB1EF1F5F}.Release|Win32.ActiveCfg = Release|Win32
		{1AD3F51E-BBB6-4090-BA39-9DFAB1EF1F5F}.Release|Win32.Build.0 = Release|Win32
		{692F6330-4D87-4C82-81DF-40DB5892636E}.Debug|Win32.ActiveCfg = Debug|Win32
		{692F6330-4D87-4C82-81DF-40DB5892636E}.Release|Win32.ActiveCfg = Release|Win32
		{B0C6CFF9-7DCD-4A21-8BA4-C2011E18DED8}.Debug|Win32.ActiveCfg = Debug|Win32
		{B0C6CFF9-7DCD-4A21-8BA4-C2011E18DED8}.Release|Win32.ActiveCfg = Release|Win32
		{7B077E7F-1BE7-4291-AB86-55E527B25CAC}.Debug|Win32.ActiveCfg = Debug|Win32
		{7B077E7F-1BE7-4291-AB86-55E527B25CAC}.Release|Win32.ActiveCfg = Release|Win32
		{0E2C6395-13B9-46E5-9264-8859D346018D}.Debug|Win32.ActiveCfg = Debug|Win32
		{0E2C6395-13B9-46E5-9264-8859D346018D}.Debug|Win32.Build.0 = Debug|Win32
		{0E2C6395-13B9-46E5-9264-8859D346018D}.Release|Win32.ActiveCfg = Release|Win32
		{0E2C6395-13B9-46E5-9264-8859D346018D}.Release|Win32.Build.0 = Release|Win32
		{D3EC0AFF-76FC-4210-A825-9A17410660A3}.Debug|Win32.ActiveCfg = Debug|Win32
		{D3EC0AFF-76FC-4210-A825-9A17410660A3}.Debug|Win32.Build.0 = Debug|Win32
		{D3EC0AFF-76FC-4210-A825-9A17410660A3}.Release|Win32.ActiveCfg = Release|Win32
		{D3EC0AFF-76FC-4210-A825-9A17410660A3}.Release|Win32.Build.0 = Release|Win32
		{FFAA4C52-3A53-4F99-90C1-D59D1F0427F3}.Debug|Win32.ActiveCfg = Debug|Win32
		{FFAA4C52-3A53-4F99-90C1-D59D1F0427F3}.Debug|Win32.Build.0 = Debug|Win32
		{FFAA4C52-3A53-4F99-90C1-D59D1F0427F3}.Release|Win32.ActiveCfg = Release|Win32
		{FFAA4C52-3A53-4F99-90C1-D59D1F0427F3}.Release|Win32.Build.0 = Release|Win32
		{30A5B29C-983E-4580-9FD0-D647CCDCC7EB}.Debug|Win32.ActiveCfg = Debug|Win32
		{30A5B29C-983E-4580-9FD0-D647CCDCC7EB}.Debug|Win32.Build.0 = Debug|Win32
		{30A5B29C-983E-4580-9FD0-D647CCDCC7EB}.Release|Win32.ActiveCfg = Release|Win32
		{30A5B29C-983E-4580-9FD0-D647CCDCC7EB}.Release|Win32.Build.0 = Release|Win32
		{1C453396-D912-4213-89FD-9B489162B7B5}.Debug|Win32.ActiveCfg = Debug|Win32
		{1C453396-D912-4213-89FD-9B489162B7B5}.Debug|Win32.Build.0 = Debug|Win32
		{1C453396-D912-4213-89FD-9B489162B7B5}.Release|Win32.ActiveCfg = Release|Win32
		{1C453396-D912-4213-89FD-9B489162B7B5}.Release|Win32.Build.0 = Release|Win32
		{CBEC7225-0C21-4DA8-978E-1F158F8AD950}.Debug|Win32.ActiveCfg = Debug|Win32
		{CBEC7225-0C21-4DA8-978E-1F158F8AD950}.Debug|Win32.Build.0 = Debug|Win32
		{CBEC7225-0C21-4DA8-978E-1F158F8AD950}.Release|Win32.ActiveCfg = Release|Win32
		{CBEC7225-0C21-4DA8-978E-1F158F8AD950}.Release|Win32.Build.0 = Release|Win32
		{B69247FA-ECD6-40ED-8E44-5CA6C3BAF9A4}.Debug|Win32.ActiveCfg = Debug|Win32
		{B69247FA-ECD6-40ED-8E44-5CA6C3BAF9A4}.Debug|Win32.Build.0 = Debug|Win32
		{B69247FA-ECD6-40ED-8E44-5CA6C3BAF9A4}.Release|Win32.ActiveCfg = Release|Win32
		{B69247FA-ECD6-40ED-8E44-5CA6C3BAF9A4}.Release|Win32.Build.0 = Release|Win32
		{C24FB505-05D7-4319-8485-7540B44C8603}.Debug|Win32.ActiveCfg = Debug|Win32
		{C24FB505-05D7-4319-8485-7540B44C8603}.Debug|Win32.Build.0 = Debug|Win32
		{C24FB505-05D7-4319-8485-7540B44C8603}.Release|Win32.ActiveCfg = Release|Win32
		{C24FB505-05D7-4319-8485-7540B44C8603}.Release|Win32.Build.0 = Release|Win32
		{B5881A85-FE70-4F64-8607-2CAAE52669C6}.Debug|Win32.ActiveCfg = Debug|Win32
		{B5881A85-FE70-4F64-8607-2CAAE52669C6}.Debug|Win32.Build.0 = Debug|Win32
		{B5881A85-FE70-4F64-8607-2CAAE52669C6}.Release|Win32.ActiveCfg = Release|Win32
		{B5881A85-FE70-4F64-8607-2CAAE52669C6}.Release|Win32.Build.0 = Release|Win32
	EndGlobalSection
	GlobalSection(SolutionProperties) = preSolution
		HideSolutionNode = FALSE
	EndGlobalSection
	GlobalSection(NestedProjects) = preSolution
		{4926323F-4EA8-4B7D-A3D3-65488725988F} = {F881ADA2-2F1A-4046-9FEB-191D9422D781}
		{B1FE4613-3F4B-4DAF-9714-2472BF8F56AE} = {F881ADA2-2F1A-4046-9FEB-191D9422D781}
		{5844AFE1-AA3E-4BDB-A9EF-119AEF19DF88} = {F881ADA2-2F1A-4046-9FEB-191D9422D781}
		{5580D60E-0F77-4716-9CD4-B8E5986FA375} = {F881ADA2-2F1A-4046-9FEB-191D9422D781}
		{1D95CD95-0DE2-48C3-AC23-D5C7D1C9C0F0} = {F881ADA2-2F1A-4046-9FEB-191D9422D781}
		{D3EC0AFF-76FC-4210-A825-9A17410660A3} = {F881ADA2-2F1A-4046-9FEB-191D9422D781}
		{3A2A7795-C216-4FFF-B8EF-4D17A84BACCC} = {9ADF1E48-2F5C-4ED7-A893-596259FABFE0}
		{F10BE67C-A8FF-4CB2-AF29-D46D2590DC59} = {9ADF1E48-2F5C-4ED7-A893-596259FABFE0}
		{C7705DC4-2088-493E-AF8D-65BC6D65C125} = {9ADF1E48-2F5C-4ED7-A893-596259FABFE0}
		{784113EF-44D9-4949-835D-7065D3C7AD08} = {9ADF1E48-2F5C-4ED7-A893-596259FABFE0}
		{AFAC0568-7548-42D5-9F6A-8D3400A1E4F6} = {A5A27244-AD24-46E5-B01B-840CD296C91D}
		{78100236-7CEA-4948-96CC-E8ED3160329C} = {E72B5BCB-6462-4D23-B419-3AF1A4AC3D78}
		{E1794405-29D4-466D-9BE3-DD2344C2A663} = {E72B5BCB-6462-4D23-B419-3AF1A4AC3D78}
		{419AA391-5F3F-4BFE-A869-9D154D62A792} = {E72B5BCB-6462-4D23-B419-3AF1A4AC3D78}
		{0E2C6395-13B9-46E5-9264-8859D346018D} = {E72B5BCB-6462-4D23-B419-3AF1A4AC3D78}
		{30A5B29C-983E-4580-9FD0-D647CCDCC7EB} = {E72B5BCB-6462-4D23-B419-3AF1A4AC3D78}
		{B69247FA-ECD6-40ED-8E44-5CA6C3BAF9A4} = {E72B5BCB-6462-4D23-B419-3AF1A4AC3D78}
		{C24FB505-05D7-4319-8485-7540B44C8603} = {E72B5BCB-6462-4D23-B419-3AF1A4AC3D78}
		{B5881A85-FE70-4F64-8607-2CAAE52669C6} = {E72B5BCB-6462-4D23-B419-3AF1A4AC3D78}
		{3A5B9131-F20C-4A85-9447-6C1610941CEE} = {9460B5F1-0A95-41C4-BEB7-9C2C96459A7C}
		{5FD31A25-5D83-4794-8BEE-904DAD84CE71} = {9460B5F1-0A95-41C4-BEB7-9C2C96459A7C}
		{FE3540C5-3303-46E0-A69E-D92F775687F1} = {9460B5F1-0A95-41C4-BEB7-9C2C96459A7C}
		{45DF84ED-D24A-4FF6-B5B0-0A9A5FDB9552} = {9460B5F1-0A95-41C4-BEB7-9C2C96459A7C}
		{FFAA4C52-3A53-4F99-90C1-D59D1F0427F3} = {9460B5F1-0A95-41C4-BEB7-9C2C96459A7C}
		{DCC13474-28DF-47CA-A8EB-72F8CE9A78C5} = {2D57D093-3F8D-4729-AD9A-68E945C200A5}
		{07113B25-D3AF-4E04-BA77-4CD1171F022C} = {C5F182F9-754A-4EC5-B50F-76ED02BE13F4}
		{A27CCA23-1541-4337-81A4-F0A6413078A0} = {C5F182F9-754A-4EC5-B50F-76ED02BE13F4}
		{1A1FF289-4FD6-4285-A422-D31DD67A4723} = {CBD81696-EFB4-4D2F-8451-1B8DAA86155A}
		{EC3E5C7F-EE09-47E2-80FE-546363D14A98} = {B8F5B47B-8568-46EB-B320-64C17D2A98BC}
		{1AD3F51E-BBB6-4090-BA39-9DFAB1EF1F5F} = {0C808854-54D1-4230-BFF5-77B5FD905000}
		{B0C6CFF9-7DCD-4A21-8BA4-C2011E18DED8} = {0C808854-54D1-4230-BFF5-77B5FD905000}
		{7B077E7F-1BE7-4291-AB86-55E527B25CAC} = {0C808854-54D1-4230-BFF5-77B5FD905000}
		{692F6330-4D87-4C82-81DF-40DB5892636E} = {4CF6A6AC-07DE-4B9E-ABE1-7F98B64E0BB0}
		{1C453396-D912-4213-89FD-9B489162B7B5} = {A7AB4405-FDB7-4853-9FBB-1516B1C3D80A}
		{CBEC7225-0C21-4DA8-978E-1F158F8AD950} = {F69A4A6B-9360-4EBB-A280-22AA3C455AC5}
	EndGlobalSection
EndGlobal
