
Microsoft Visual Studio Solution File, Format Version 12.00
# Visual Studio 14
VisualStudioVersion = 14.0.23107.0
MinimumVisualStudioVersion = 10.0.40219.1
Project("{8BC9CEB8-8B4A-11D0-8D11-00A0C91BC942}") = "libks", "libks.vcxproj", "{70D178D8-1100-4152-86C0-809A91CFF832}"
EndProject
Project("{8BC9CEB8-8B4A-11D0-8D11-00A0C91BC942}") = "testpools", "test\testpools.vcxproj", "{5825A3B2-31A0-475A-AF32-44FB0D8B52D4}"
EndProject
Project("{8BC9CEB8-8B4A-11D0-8D11-00A0C91BC942}") = "testthreadmutex", "test\testthreadmutex.vcxproj", "{AE572500-7266-4692-ACA4-5E37B7B4409A}"
EndProject
Project("{8BC9CEB8-8B4A-11D0-8D11-00A0C91BC942}") = "testhash", "test\testhash.vcxproj", "{43724CF4-FCE1-44FE-AB36-C86E3979B350}"
EndProject
Project("{8BC9CEB8-8B4A-11D0-8D11-00A0C91BC942}") = "testq", "test\testq.vcxproj", "{3F8E0DF3-F402-40E0-8D78-44A094625D25}"
EndProject
Project("{8BC9CEB8-8B4A-11D0-8D11-00A0C91BC942}") = "testsock", "test\testsock.vcxproj", "{5DC38E2B-0512-4140-8A1B-59952A5DC9CB}"
EndProject
Project("{8BC9CEB8-8B4A-11D0-8D11-00A0C91BC942}") = "testtime", "test\testtime.vcxproj", "{B74812A1-C67D-4568-AF84-26CE2004D8BF}"
EndProject
Global
	GlobalSection(SolutionConfigurationPlatforms) = preSolution
		Debug|x64 = Debug|x64
		Debug|x86 = Debug|x86
		Release|x64 = Release|x64
		Release|x86 = Release|x86
	EndGlobalSection
	GlobalSection(ProjectConfigurationPlatforms) = postSolution
		{70D178D8-1100-4152-86C0-809A91CFF832}.Debug|x64.ActiveCfg = Debug|x64
		{70D178D8-1100-4152-86C0-809A91CFF832}.Debug|x64.Build.0 = Debug|x64
		{70D178D8-1100-4152-86C0-809A91CFF832}.Debug|x86.ActiveCfg = Debug|Win32
		{70D178D8-1100-4152-86C0-809A91CFF832}.Debug|x86.Build.0 = Debug|Win32
		{70D178D8-1100-4152-86C0-809A91CFF832}.Release|x64.ActiveCfg = Release|x64
		{70D178D8-1100-4152-86C0-809A91CFF832}.Release|x64.Build.0 = Release|x64
		{70D178D8-1100-4152-86C0-809A91CFF832}.Release|x86.ActiveCfg = Release|Win32
		{70D178D8-1100-4152-86C0-809A91CFF832}.Release|x86.Build.0 = Release|Win32
		{5825A3B2-31A0-475A-AF32-44FB0D8B52D4}.Debug|x64.ActiveCfg = Debug|x64
		{5825A3B2-31A0-475A-AF32-44FB0D8B52D4}.Debug|x64.Build.0 = Debug|x64
		{5825A3B2-31A0-475A-AF32-44FB0D8B52D4}.Debug|x86.ActiveCfg = Debug|Win32
		{5825A3B2-31A0-475A-AF32-44FB0D8B52D4}.Debug|x86.Build.0 = Debug|Win32
		{5825A3B2-31A0-475A-AF32-44FB0D8B52D4}.Release|x64.ActiveCfg = Release|x64
		{5825A3B2-31A0-475A-AF32-44FB0D8B52D4}.Release|x64.Build.0 = Release|x64
		{5825A3B2-31A0-475A-AF32-44FB0D8B52D4}.Release|x86.ActiveCfg = Release|Win32
		{5825A3B2-31A0-475A-AF32-44FB0D8B52D4}.Release|x86.Build.0 = Release|Win32
		{AE572500-7266-4692-ACA4-5E37B7B4409A}.Debug|x64.ActiveCfg = Debug|x64
		{AE572500-7266-4692-ACA4-5E37B7B4409A}.Debug|x64.Build.0 = Debug|x64
		{AE572500-7266-4692-ACA4-5E37B7B4409A}.Debug|x86.ActiveCfg = Debug|Win32
		{AE572500-7266-4692-ACA4-5E37B7B4409A}.Debug|x86.Build.0 = Debug|Win32
		{AE572500-7266-4692-ACA4-5E37B7B4409A}.Release|x64.ActiveCfg = Release|x64
		{AE572500-7266-4692-ACA4-5E37B7B4409A}.Release|x64.Build.0 = Release|x64
		{AE572500-7266-4692-ACA4-5E37B7B4409A}.Release|x86.ActiveCfg = Release|Win32
		{AE572500-7266-4692-ACA4-5E37B7B4409A}.Release|x86.Build.0 = Release|Win32
		{43724CF4-FCE1-44FE-AB36-C86E3979B350}.Debug|x64.ActiveCfg = Debug|x64
		{43724CF4-FCE1-44FE-AB36-C86E3979B350}.Debug|x64.Build.0 = Debug|x64
		{43724CF4-FCE1-44FE-AB36-C86E3979B350}.Debug|x86.ActiveCfg = Debug|Win32
		{43724CF4-FCE1-44FE-AB36-C86E3979B350}.Debug|x86.Build.0 = Debug|Win32
		{43724CF4-FCE1-44FE-AB36-C86E3979B350}.Release|x64.ActiveCfg = Release|x64
		{43724CF4-FCE1-44FE-AB36-C86E3979B350}.Release|x64.Build.0 = Release|x64
		{43724CF4-FCE1-44FE-AB36-C86E3979B350}.Release|x86.ActiveCfg = Release|Win32
		{43724CF4-FCE1-44FE-AB36-C86E3979B350}.Release|x86.Build.0 = Release|Win32
		{3F8E0DF3-F402-40E0-8D78-44A094625D25}.Debug|x64.ActiveCfg = Debug|x64
		{3F8E0DF3-F402-40E0-8D78-44A094625D25}.Debug|x64.Build.0 = Debug|x64
		{3F8E0DF3-F402-40E0-8D78-44A094625D25}.Debug|x86.ActiveCfg = Debug|Win32
		{3F8E0DF3-F402-40E0-8D78-44A094625D25}.Debug|x86.Build.0 = Debug|Win32
		{3F8E0DF3-F402-40E0-8D78-44A094625D25}.Release|x64.ActiveCfg = Release|x64
		{3F8E0DF3-F402-40E0-8D78-44A094625D25}.Release|x64.Build.0 = Release|x64
		{3F8E0DF3-F402-40E0-8D78-44A094625D25}.Release|x86.ActiveCfg = Release|Win32
		{3F8E0DF3-F402-40E0-8D78-44A094625D25}.Release|x86.Build.0 = Release|Win32
		{5DC38E2B-0512-4140-8A1B-59952A5DC9CB}.Debug|x64.ActiveCfg = Debug|x64
		{5DC38E2B-0512-4140-8A1B-59952A5DC9CB}.Debug|x64.Build.0 = Debug|x64
		{5DC38E2B-0512-4140-8A1B-59952A5DC9CB}.Debug|x86.ActiveCfg = Debug|Win32
		{5DC38E2B-0512-4140-8A1B-59952A5DC9CB}.Debug|x86.Build.0 = Debug|Win32
		{5DC38E2B-0512-4140-8A1B-59952A5DC9CB}.Release|x64.ActiveCfg = Release|x64
		{5DC38E2B-0512-4140-8A1B-59952A5DC9CB}.Release|x64.Build.0 = Release|x64
		{5DC38E2B-0512-4140-8A1B-59952A5DC9CB}.Release|x86.ActiveCfg = Release|Win32
		{5DC38E2B-0512-4140-8A1B-59952A5DC9CB}.Release|x86.Build.0 = Release|Win32
		{B74812A1-C67D-4568-AF84-26CE2004D8BF}.Debug|x64.ActiveCfg = Debug|x64
		{B74812A1-C67D-4568-AF84-26CE2004D8BF}.Debug|x64.Build.0 = Debug|x64
		{B74812A1-C67D-4568-AF84-26CE2004D8BF}.Debug|x86.ActiveCfg = Debug|Win32
		{B74812A1-C67D-4568-AF84-26CE2004D8BF}.Debug|x86.Build.0 = Debug|Win32
		{B74812A1-C67D-4568-AF84-26CE2004D8BF}.Release|x64.ActiveCfg = Release|x64
		{B74812A1-C67D-4568-AF84-26CE2004D8BF}.Release|x64.Build.0 = Release|x64
		{B74812A1-C67D-4568-AF84-26CE2004D8BF}.Release|x86.ActiveCfg = Release|Win32
		{B74812A1-C67D-4568-AF84-26CE2004D8BF}.Release|x86.Build.0 = Release|Win32
	EndGlobalSection
	GlobalSection(SolutionProperties) = preSolution
		HideSolutionNode = FALSE
	EndGlobalSection
EndGlobal
