<?xml version="1.0" encoding="utf-8"?>
<Project ToolsVersion="4.0" xmlns="http://schemas.microsoft.com/developer/msbuild/2003">
  <ItemGroup>
    <Filter Include="Source Files">
      <UniqueIdentifier>{8ac4971f-a9ba-4930-a7e3-b291ad24d6ca}</UniqueIdentifier>
      <Extensions>cpp;c;cxx;rc;def;r;odl;idl;hpj;bat</Extensions>
    </Filter>
    <Filter Include="Header Files">
      <UniqueIdentifier>{05489d43-6c6b-4bb8-95db-414e8137ee9e}</UniqueIdentifier>
      <Extensions>h;hpp;hxx;hm;inl</Extensions>
    </Filter>
  </ItemGroup>
  <ItemGroup>
    <ClCompile Include="..\..\xmlrpc-c\lib\abyss\src\file.c">
      <Filter>Source Files</Filter>
    </ClCompile>
    <ClCompile Include="..\..\xmlrpc-c\lib\abyss\src\handler.c">
      <Filter>Source Files</Filter>
    </ClCompile>
    <ClCompile Include="..\..\xmlrpc-c\lib\abyss\src\http.c">
      <Filter>Source Files</Filter>
    </ClCompile>
    <ClCompile Include="..\..\xmlrpc-c\lib\abyss\src\init.c">
      <Filter>Source Files</Filter>
    </ClCompile>
    <ClCompile Include="..\..\xmlrpc-c\lib\abyss\src\server.c">
      <Filter>Source Files</Filter>
    </ClCompile>
    <ClCompile Include="..\..\xmlrpc-c\lib\abyss\src\session.c">
      <Filter>Source Files</Filter>
    </ClCompile>
    <ClCompile Include="..\..\xmlrpc-c\lib\abyss\src\socket.c">
      <Filter>Source Files</Filter>
    </ClCompile>
    <ClCompile Include="..\..\xmlrpc-c\lib\abyss\src\socket_win.c">
      <Filter>Source Files</Filter>
    </ClCompile>
    <ClCompile Include="..\..\xmlrpc-c\lib\abyss\src\thread_windows.c">
      <Filter>Source Files</Filter>
    </ClCompile>
    <ClCompile Include="..\..\xmlrpc-c\lib\abyss\src\token.c">
      <Filter>Source Files</Filter>
    </ClCompile>
    <ClCompile Include="..\..\xmlrpc-c\lib\abyss\src\trace.c">
      <Filter>Source Files</Filter>
    </ClCompile>
    <ClCompile Include="..\..\xmlrpc-c\lib\abyss\src\channel.c">
      <Filter>Source Files</Filter>
    </ClCompile>
    <ClCompile Include="..\..\xmlrpc-c\lib\abyss\src\chanswitch.c">
      <Filter>Source Files</Filter>
    </ClCompile>
    <ClCompile Include="..\..\xmlrpc-c\lib\abyss\src\conf.c">
      <Filter>Source Files</Filter>
    </ClCompile>
    <ClCompile Include="..\..\xmlrpc-c\lib\abyss\src\conn.c">
      <Filter>Source Files</Filter>
    </ClCompile>
    <ClCompile Include="..\..\xmlrpc-c\lib\abyss\src\data.c">
      <Filter>Source Files</Filter>
    </ClCompile>
    <ClCompile Include="..\..\xmlrpc-c\lib\abyss\src\date.c">
      <Filter>Source Files</Filter>
    </ClCompile>
    <ClCompile Include="..\..\xmlrpc-c\lib\abyss\src\response.c">
      <Filter>Source Files</Filter>
    </ClCompile>
  </ItemGroup>
</Project>